
Microsoft Visual Studio Solution File, Format Version 12.00
# Visual Studio Version 17
VisualStudioVersion = 17.7.34202.233
MinimumVisualStudioVersion = 10.0.40219.1
Project("{FAE04EC0-301F-11D3-BF4B-00C04F79EFBC}") = "Workaround", "Workaround\Workaround.csproj", "{6C2DB55A-309A-4E28-A195-79F78810C1EF}"
EndProject
Project("{FAE04EC0-301F-11D3-BF4B-00C04F79EFBC}") = "Entities", "Entities\Entities.csproj", "{47C864E5-5FF5-4727-BDD0-FC630D044A4E}"
EndProject
Project("{FAE04EC0-301F-11D3-BF4B-00C04F79EFBC}") = "Business", "Business\Business.csproj", "{B4A7D7B1-C3BA-4B52-A3CA-20A22DA63C7F}"
EndProject
Global
	GlobalSection(SolutionConfigurationPlatforms) = preSolution
		Debug|Any CPU = Debug|Any CPU
		Release|Any CPU = Release|Any CPU
	EndGlobalSection
	GlobalSection(ProjectConfigurationPlatforms) = postSolution
		{6C2DB55A-309A-4E28-A195-79F78810C1EF}.Debug|Any CPU.ActiveCfg = Debug|Any CPU
		{6C2DB55A-309A-4E28-A195-79F78810C1EF}.Debug|Any CPU.Build.0 = Debug|Any CPU
		{6C2DB55A-309A-4E28-A195-79F78810C1EF}.Release|Any CPU.ActiveCfg = Release|Any CPU
		{6C2DB55A-309A-4E28-A195-79F78810C1EF}.Release|Any CPU.Build.0 = Release|Any CPU
		{47C864E5-5FF5-4727-BDD0-FC630D044A4E}.Debug|Any CPU.ActiveCfg = Debug|Any CPU
		{47C864E5-5FF5-4727-BDD0-FC630D044A4E}.Debug|Any CPU.Build.0 = Debug|Any CPU
		{47C864E5-5FF5-4727-BDD0-FC630D044A4E}.Release|Any CPU.ActiveCfg = Release|Any CPU
		{47C864E5-5FF5-4727-BDD0-FC630D044A4E}.Release|Any CPU.Build.0 = Release|Any CPU
		{B4A7D7B1-C3BA-4B52-A3CA-20A22DA63C7F}.Debug|Any CPU.ActiveCfg = Debug|Any CPU
		{B4A7D7B1-C3BA-4B52-A3CA-20A22DA63C7F}.Debug|Any CPU.Build.0 = Debug|Any CPU
		{B4A7D7B1-C3BA-4B52-A3CA-20A22DA63C7F}.Release|Any CPU.ActiveCfg = Release|Any CPU
		{B4A7D7B1-C3BA-4B52-A3CA-20A22DA63C7F}.Release|Any CPU.Build.0 = Release|Any CPU
	EndGlobalSection
	GlobalSection(SolutionProperties) = preSolution
		HideSolutionNode = FALSE
	EndGlobalSection
	GlobalSection(ExtensibilityGlobals) = postSolution
		SolutionGuid = {D17D35E1-9AAC-40BA-889C-EA2A8B8C1F59}
	EndGlobalSection
EndGlobal
