
Microsoft Visual Studio Solution File, Format Version 12.00
# Visual Studio Version 17
VisualStudioVersion = 17.7.34202.233
MinimumVisualStudioVersion = 10.0.40219.1
Project("{FAE04EC0-301F-11D3-BF4B-00C04F79EFBC}") = "Entities", "Entities\Entities.csproj", "{200CB1FD-9F80-4F61-97E4-8254100D044A}"
EndProject
Project("{FAE04EC0-301F-11D3-BF4B-00C04F79EFBC}") = "Business", "Business\Business.csproj", "{5504C928-67B0-4310-80D1-995358DD28A7}"
EndProject
Project("{FAE04EC0-301F-11D3-BF4B-00C04F79EFBC}") = "DataAccess", "DataAccess\DataAccess.csproj", "{417865A2-E9F7-4931-900D-11FB45F2D916}"
EndProject
Project("{FAE04EC0-301F-11D3-BF4B-00C04F79EFBC}") = "Core", "Core\Core.csproj", "{770FEAB1-669E-46AA-9CA0-EEA594CCDFC2}"
EndProject
Project("{FAE04EC0-301F-11D3-BF4B-00C04F79EFBC}") = "WebAPI", "WebAPI\WebAPI.csproj", "{C631C2CC-966A-4121-A512-3865FF4E9AFD}"
EndProject
Global
	GlobalSection(SolutionConfigurationPlatforms) = preSolution
		Debug|Any CPU = Debug|Any CPU
		Release|Any CPU = Release|Any CPU
	EndGlobalSection
	GlobalSection(ProjectConfigurationPlatforms) = postSolution
		{200CB1FD-9F80-4F61-97E4-8254100D044A}.Debug|Any CPU.ActiveCfg = Debug|Any CPU
		{200CB1FD-9F80-4F61-97E4-8254100D044A}.Debug|Any CPU.Build.0 = Debug|Any CPU
		{200CB1FD-9F80-4F61-97E4-8254100D044A}.Release|Any CPU.ActiveCfg = Release|Any CPU
		{200CB1FD-9F80-4F61-97E4-8254100D044A}.Release|Any CPU.Build.0 = Release|Any CPU
		{5504C928-67B0-4310-80D1-995358DD28A7}.Debug|Any CPU.ActiveCfg = Debug|Any CPU
		{5504C928-67B0-4310-80D1-995358DD28A7}.Debug|Any CPU.Build.0 = Debug|Any CPU
		{5504C928-67B0-4310-80D1-995358DD28A7}.Release|Any CPU.ActiveCfg = Release|Any CPU
		{5504C928-67B0-4310-80D1-995358DD28A7}.Release|Any CPU.Build.0 = Release|Any CPU
		{417865A2-E9F7-4931-900D-11FB45F2D916}.Debug|Any CPU.ActiveCfg = Debug|Any CPU
		{417865A2-E9F7-4931-900D-11FB45F2D916}.Debug|Any CPU.Build.0 = Debug|Any CPU
		{417865A2-E9F7-4931-900D-11FB45F2D916}.Release|Any CPU.ActiveCfg = Release|Any CPU
		{417865A2-E9F7-4931-900D-11FB45F2D916}.Release|Any CPU.Build.0 = Release|Any CPU
		{770FEAB1-669E-46AA-9CA0-EEA594CCDFC2}.Debug|Any CPU.ActiveCfg = Debug|Any CPU
		{770FEAB1-669E-46AA-9CA0-EEA594CCDFC2}.Debug|Any CPU.Build.0 = Debug|Any CPU
		{770FEAB1-669E-46AA-9CA0-EEA594CCDFC2}.Release|Any CPU.ActiveCfg = Release|Any CPU
		{770FEAB1-669E-46AA-9CA0-EEA594CCDFC2}.Release|Any CPU.Build.0 = Release|Any CPU
		{C631C2CC-966A-4121-A512-3865FF4E9AFD}.Debug|Any CPU.ActiveCfg = Debug|Any CPU
		{C631C2CC-966A-4121-A512-3865FF4E9AFD}.Debug|Any CPU.Build.0 = Debug|Any CPU
		{C631C2CC-966A-4121-A512-3865FF4E9AFD}.Release|Any CPU.ActiveCfg = Release|Any CPU
		{C631C2CC-966A-4121-A512-3865FF4E9AFD}.Release|Any CPU.Build.0 = Release|Any CPU
	EndGlobalSection
	GlobalSection(SolutionProperties) = preSolution
		HideSolutionNode = FALSE
	EndGlobalSection
	GlobalSection(ExtensibilityGlobals) = postSolution
		SolutionGuid = {85C03061-1FF0-4F2E-8BC0-965245F606BB}
	EndGlobalSection
EndGlobal
