
Microsoft Visual Studio Solution File, Format Version 12.00
# Visual Studio Version 17
VisualStudioVersion = 17.7.34202.233
MinimumVisualStudioVersion = 10.0.40219.1
Project("{9A19103F-16F7-4668-BE54-9A1E7A4F7556}") = "ReferenceTypes", "ReferenceTypes\ReferenceTypes.csproj", "{5AC19641-3BCA-4EB7-AB7D-9410A4A3F8DA}"
EndProject
Project("{9A19103F-16F7-4668-BE54-9A1E7A4F7556}") = "Constructors", "Constructors\Constructors.csproj", "{D7D3E8B7-C06F-4884-9F4A-225B3DD92321}"
EndProject
Project("{9A19103F-16F7-4668-BE54-9A1E7A4F7556}") = "Interfaces", "Interfaces\Interfaces.csproj", "{E5BFD3C2-BA91-424E-B953-6CC4D5A968ED}"
EndProject
Project("{FAE04EC0-301F-11D3-BF4B-00C04F79EFBC}") = "Generics", "Generics\Generics.csproj", "{A623CA01-6ACD-439B-B715-ECACA473DD4E}"
EndProject
Global
	GlobalSection(SolutionConfigurationPlatforms) = preSolution
		Debug|Any CPU = Debug|Any CPU
		Release|Any CPU = Release|Any CPU
	EndGlobalSection
	GlobalSection(ProjectConfigurationPlatforms) = postSolution
		{5AC19641-3BCA-4EB7-AB7D-9410A4A3F8DA}.Debug|Any CPU.ActiveCfg = Debug|Any CPU
		{5AC19641-3BCA-4EB7-AB7D-9410A4A3F8DA}.Debug|Any CPU.Build.0 = Debug|Any CPU
		{5AC19641-3BCA-4EB7-AB7D-9410A4A3F8DA}.Release|Any CPU.ActiveCfg = Release|Any CPU
		{5AC19641-3BCA-4EB7-AB7D-9410A4A3F8DA}.Release|Any CPU.Build.0 = Release|Any CPU
		{D7D3E8B7-C06F-4884-9F4A-225B3DD92321}.Debug|Any CPU.ActiveCfg = Debug|Any CPU
		{D7D3E8B7-C06F-4884-9F4A-225B3DD92321}.Debug|Any CPU.Build.0 = Debug|Any CPU
		{D7D3E8B7-C06F-4884-9F4A-225B3DD92321}.Release|Any CPU.ActiveCfg = Release|Any CPU
		{D7D3E8B7-C06F-4884-9F4A-225B3DD92321}.Release|Any CPU.Build.0 = Release|Any CPU
		{E5BFD3C2-BA91-424E-B953-6CC4D5A968ED}.Debug|Any CPU.ActiveCfg = Debug|Any CPU
		{E5BFD3C2-BA91-424E-B953-6CC4D5A968ED}.Debug|Any CPU.Build.0 = Debug|Any CPU
		{E5BFD3C2-BA91-424E-B953-6CC4D5A968ED}.Release|Any CPU.ActiveCfg = Release|Any CPU
		{E5BFD3C2-BA91-424E-B953-6CC4D5A968ED}.Release|Any CPU.Build.0 = Release|Any CPU
		{A623CA01-6ACD-439B-B715-ECACA473DD4E}.Debug|Any CPU.ActiveCfg = Debug|Any CPU
		{A623CA01-6ACD-439B-B715-ECACA473DD4E}.Debug|Any CPU.Build.0 = Debug|Any CPU
		{A623CA01-6ACD-439B-B715-ECACA473DD4E}.Release|Any CPU.ActiveCfg = Release|Any CPU
		{A623CA01-6ACD-439B-B715-ECACA473DD4E}.Release|Any CPU.Build.0 = Release|Any CPU
	EndGlobalSection
	GlobalSection(SolutionProperties) = preSolution
		HideSolutionNode = FALSE
	EndGlobalSection
	GlobalSection(ExtensibilityGlobals) = postSolution
		SolutionGuid = {7C48188F-A1E6-4876-8F5B-74D8D8F7C94A}
	EndGlobalSection
EndGlobal
