
Microsoft Visual Studio Solution File, Format Version 12.00
# Visual Studio Version 17
VisualStudioVersion = 17.7.34202.233
MinimumVisualStudioVersion = 10.0.40219.1
Project("{FAE04EC0-301F-11D3-BF4B-00C04F79EFBC}") = "Methods", "Methods\Methods.csproj", "{B63E5BAB-3959-4AE0-8E71-C9D183B5FCBD}"
EndProject
Project("{FAE04EC0-301F-11D3-BF4B-00C04F79EFBC}") = "Maths", "Maths\Maths.csproj", "{323A1AE9-36E4-4770-8760-9E477F824DFF}"
EndProject
Project("{FAE04EC0-301F-11D3-BF4B-00C04F79EFBC}") = "ValueAndReferenceTypes", "ValueAndReferenceTypes\ValueAndReferenceTypes.csproj", "{FA21DED0-0E0B-4A35-AAF8-46AC4CBBF491}"
EndProject
Project("{FAE04EC0-301F-11D3-BF4B-00C04F79EFBC}") = "OOP1", "OOP1\OOP1.csproj", "{B1BE4C6A-9EAE-4E90-8B44-4DC65204FA99}"
EndProject
Project("{FAE04EC0-301F-11D3-BF4B-00C04F79EFBC}") = "Collections", "Collections\Collections.csproj", "{B41E1BF9-8E65-4DF0-8215-607010E0671B}"
EndProject
Project("{FAE04EC0-301F-11D3-BF4B-00C04F79EFBC}") = "GenericsIntro", "GenericsIntro\GenericsIntro.csproj", "{F5C7D29A-C4F6-49D5-88EA-D2EC5F2CD21B}"
EndProject
Project("{FAE04EC0-301F-11D3-BF4B-00C04F79EFBC}") = "OOP2", "OOP2\OOP2.csproj", "{30AE0460-FBAA-4B28-AF74-0283F335BF8B}"
EndProject
Project("{FAE04EC0-301F-11D3-BF4B-00C04F79EFBC}") = "OOP3", "OOP3\OOP3.csproj", "{40C26521-1963-402C-97C4-B7B99E878363}"
EndProject
Global
	GlobalSection(SolutionConfigurationPlatforms) = preSolution
		Debug|Any CPU = Debug|Any CPU
		Release|Any CPU = Release|Any CPU
	EndGlobalSection
	GlobalSection(ProjectConfigurationPlatforms) = postSolution
		{B63E5BAB-3959-4AE0-8E71-C9D183B5FCBD}.Debug|Any CPU.ActiveCfg = Debug|Any CPU
		{B63E5BAB-3959-4AE0-8E71-C9D183B5FCBD}.Debug|Any CPU.Build.0 = Debug|Any CPU
		{B63E5BAB-3959-4AE0-8E71-C9D183B5FCBD}.Release|Any CPU.ActiveCfg = Release|Any CPU
		{B63E5BAB-3959-4AE0-8E71-C9D183B5FCBD}.Release|Any CPU.Build.0 = Release|Any CPU
		{323A1AE9-36E4-4770-8760-9E477F824DFF}.Debug|Any CPU.ActiveCfg = Debug|Any CPU
		{323A1AE9-36E4-4770-8760-9E477F824DFF}.Debug|Any CPU.Build.0 = Debug|Any CPU
		{323A1AE9-36E4-4770-8760-9E477F824DFF}.Release|Any CPU.ActiveCfg = Release|Any CPU
		{323A1AE9-36E4-4770-8760-9E477F824DFF}.Release|Any CPU.Build.0 = Release|Any CPU
		{FA21DED0-0E0B-4A35-AAF8-46AC4CBBF491}.Debug|Any CPU.ActiveCfg = Debug|Any CPU
		{FA21DED0-0E0B-4A35-AAF8-46AC4CBBF491}.Debug|Any CPU.Build.0 = Debug|Any CPU
		{FA21DED0-0E0B-4A35-AAF8-46AC4CBBF491}.Release|Any CPU.ActiveCfg = Release|Any CPU
		{FA21DED0-0E0B-4A35-AAF8-46AC4CBBF491}.Release|Any CPU.Build.0 = Release|Any CPU
		{B1BE4C6A-9EAE-4E90-8B44-4DC65204FA99}.Debug|Any CPU.ActiveCfg = Debug|Any CPU
		{B1BE4C6A-9EAE-4E90-8B44-4DC65204FA99}.Debug|Any CPU.Build.0 = Debug|Any CPU
		{B1BE4C6A-9EAE-4E90-8B44-4DC65204FA99}.Release|Any CPU.ActiveCfg = Release|Any CPU
		{B1BE4C6A-9EAE-4E90-8B44-4DC65204FA99}.Release|Any CPU.Build.0 = Release|Any CPU
		{B41E1BF9-8E65-4DF0-8215-607010E0671B}.Debug|Any CPU.ActiveCfg = Debug|Any CPU
		{B41E1BF9-8E65-4DF0-8215-607010E0671B}.Debug|Any CPU.Build.0 = Debug|Any CPU
		{B41E1BF9-8E65-4DF0-8215-607010E0671B}.Release|Any CPU.ActiveCfg = Release|Any CPU
		{B41E1BF9-8E65-4DF0-8215-607010E0671B}.Release|Any CPU.Build.0 = Release|Any CPU
		{F5C7D29A-C4F6-49D5-88EA-D2EC5F2CD21B}.Debug|Any CPU.ActiveCfg = Debug|Any CPU
		{F5C7D29A-C4F6-49D5-88EA-D2EC5F2CD21B}.Debug|Any CPU.Build.0 = Debug|Any CPU
		{F5C7D29A-C4F6-49D5-88EA-D2EC5F2CD21B}.Release|Any CPU.ActiveCfg = Release|Any CPU
		{F5C7D29A-C4F6-49D5-88EA-D2EC5F2CD21B}.Release|Any CPU.Build.0 = Release|Any CPU
		{30AE0460-FBAA-4B28-AF74-0283F335BF8B}.Debug|Any CPU.ActiveCfg = Debug|Any CPU
		{30AE0460-FBAA-4B28-AF74-0283F335BF8B}.Debug|Any CPU.Build.0 = Debug|Any CPU
		{30AE0460-FBAA-4B28-AF74-0283F335BF8B}.Release|Any CPU.ActiveCfg = Release|Any CPU
		{30AE0460-FBAA-4B28-AF74-0283F335BF8B}.Release|Any CPU.Build.0 = Release|Any CPU
		{40C26521-1963-402C-97C4-B7B99E878363}.Debug|Any CPU.ActiveCfg = Debug|Any CPU
		{40C26521-1963-402C-97C4-B7B99E878363}.Debug|Any CPU.Build.0 = Debug|Any CPU
		{40C26521-1963-402C-97C4-B7B99E878363}.Release|Any CPU.ActiveCfg = Release|Any CPU
		{40C26521-1963-402C-97C4-B7B99E878363}.Release|Any CPU.Build.0 = Release|Any CPU
	EndGlobalSection
	GlobalSection(SolutionProperties) = preSolution
		HideSolutionNode = FALSE
	EndGlobalSection
	GlobalSection(ExtensibilityGlobals) = postSolution
		SolutionGuid = {14C6C5AE-F23C-47F7-BFED-07F4AA844B2A}
	EndGlobalSection
EndGlobal
