
Microsoft Visual Studio Solution File, Format Version 12.00
# Visual Studio Version 17
VisualStudioVersion = 17.7.34202.233
MinimumVisualStudioVersion = 10.0.40219.1
Project("{9A19103F-16F7-4668-BE54-9A1E7A4F7556}") = "TypesAndVariables", "TypesAndVariables\TypesAndVariables.csproj", "{AF8BFFC4-06B8-42B1-9480-60F6E292D314}"
EndProject
Project("{9A19103F-16F7-4668-BE54-9A1E7A4F7556}") = "Conditionals", "Conditionals\Conditionals.csproj", "{D66C269B-D00D-42AC-A226-65B310562402}"
EndProject
Project("{9A19103F-16F7-4668-BE54-9A1E7A4F7556}") = "Methods", "Methods\Methods.csproj", "{B39DF675-E360-476F-AADE-9372989E85A5}"
EndProject
Project("{9A19103F-16F7-4668-BE54-9A1E7A4F7556}") = "Arrays", "Arrays\Arrays.csproj", "{78FD4674-A667-41B3-B811-433ED7D580FD}"
EndProject
Project("{9A19103F-16F7-4668-BE54-9A1E7A4F7556}") = "Loops", "Loops\Loops.csproj", "{3378171A-F610-441B-8459-613BB29B3EF2}"
EndProject
Project("{9A19103F-16F7-4668-BE54-9A1E7A4F7556}") = "Strings", "Strings\Strings.csproj", "{99F088CD-4127-49AD-9E8C-771AC63A0AFB}"
EndProject
Project("{9A19103F-16F7-4668-BE54-9A1E7A4F7556}") = "Classes", "Classes\Classes.csproj", "{73E76125-553B-412F-9967-D6AB1ADC6925}"
EndProject
Project("{FAE04EC0-301F-11D3-BF4B-00C04F79EFBC}") = "RecapDemo", "RecapDemo\RecapDemo.csproj", "{16FBF471-4DEE-401C-92FD-96827C8A17AA}"
EndProject
Project("{FAE04EC0-301F-11D3-BF4B-00C04F79EFBC}") = "Interfaces", "Interfaces\Interfaces.csproj", "{22240D01-8F95-4C0B-BF88-974854DF9596}"
EndProject
Global
	GlobalSection(SolutionConfigurationPlatforms) = preSolution
		Debug|Any CPU = Debug|Any CPU
		Release|Any CPU = Release|Any CPU
	EndGlobalSection
	GlobalSection(ProjectConfigurationPlatforms) = postSolution
		{AF8BFFC4-06B8-42B1-9480-60F6E292D314}.Debug|Any CPU.ActiveCfg = Debug|Any CPU
		{AF8BFFC4-06B8-42B1-9480-60F6E292D314}.Debug|Any CPU.Build.0 = Debug|Any CPU
		{AF8BFFC4-06B8-42B1-9480-60F6E292D314}.Release|Any CPU.ActiveCfg = Release|Any CPU
		{AF8BFFC4-06B8-42B1-9480-60F6E292D314}.Release|Any CPU.Build.0 = Release|Any CPU
		{D66C269B-D00D-42AC-A226-65B310562402}.Debug|Any CPU.ActiveCfg = Debug|Any CPU
		{D66C269B-D00D-42AC-A226-65B310562402}.Debug|Any CPU.Build.0 = Debug|Any CPU
		{D66C269B-D00D-42AC-A226-65B310562402}.Release|Any CPU.ActiveCfg = Release|Any CPU
		{D66C269B-D00D-42AC-A226-65B310562402}.Release|Any CPU.Build.0 = Release|Any CPU
		{B39DF675-E360-476F-AADE-9372989E85A5}.Debug|Any CPU.ActiveCfg = Debug|Any CPU
		{B39DF675-E360-476F-AADE-9372989E85A5}.Debug|Any CPU.Build.0 = Debug|Any CPU
		{B39DF675-E360-476F-AADE-9372989E85A5}.Release|Any CPU.ActiveCfg = Release|Any CPU
		{B39DF675-E360-476F-AADE-9372989E85A5}.Release|Any CPU.Build.0 = Release|Any CPU
		{78FD4674-A667-41B3-B811-433ED7D580FD}.Debug|Any CPU.ActiveCfg = Debug|Any CPU
		{78FD4674-A667-41B3-B811-433ED7D580FD}.Debug|Any CPU.Build.0 = Debug|Any CPU
		{78FD4674-A667-41B3-B811-433ED7D580FD}.Release|Any CPU.ActiveCfg = Release|Any CPU
		{78FD4674-A667-41B3-B811-433ED7D580FD}.Release|Any CPU.Build.0 = Release|Any CPU
		{3378171A-F610-441B-8459-613BB29B3EF2}.Debug|Any CPU.ActiveCfg = Debug|Any CPU
		{3378171A-F610-441B-8459-613BB29B3EF2}.Debug|Any CPU.Build.0 = Debug|Any CPU
		{3378171A-F610-441B-8459-613BB29B3EF2}.Release|Any CPU.ActiveCfg = Release|Any CPU
		{3378171A-F610-441B-8459-613BB29B3EF2}.Release|Any CPU.Build.0 = Release|Any CPU
		{99F088CD-4127-49AD-9E8C-771AC63A0AFB}.Debug|Any CPU.ActiveCfg = Debug|Any CPU
		{99F088CD-4127-49AD-9E8C-771AC63A0AFB}.Debug|Any CPU.Build.0 = Debug|Any CPU
		{99F088CD-4127-49AD-9E8C-771AC63A0AFB}.Release|Any CPU.ActiveCfg = Release|Any CPU
		{99F088CD-4127-49AD-9E8C-771AC63A0AFB}.Release|Any CPU.Build.0 = Release|Any CPU
		{73E76125-553B-412F-9967-D6AB1ADC6925}.Debug|Any CPU.ActiveCfg = Debug|Any CPU
		{73E76125-553B-412F-9967-D6AB1ADC6925}.Debug|Any CPU.Build.0 = Debug|Any CPU
		{73E76125-553B-412F-9967-D6AB1ADC6925}.Release|Any CPU.ActiveCfg = Release|Any CPU
		{73E76125-553B-412F-9967-D6AB1ADC6925}.Release|Any CPU.Build.0 = Release|Any CPU
		{16FBF471-4DEE-401C-92FD-96827C8A17AA}.Debug|Any CPU.ActiveCfg = Debug|Any CPU
		{16FBF471-4DEE-401C-92FD-96827C8A17AA}.Debug|Any CPU.Build.0 = Debug|Any CPU
		{16FBF471-4DEE-401C-92FD-96827C8A17AA}.Release|Any CPU.ActiveCfg = Release|Any CPU
		{16FBF471-4DEE-401C-92FD-96827C8A17AA}.Release|Any CPU.Build.0 = Release|Any CPU
		{22240D01-8F95-4C0B-BF88-974854DF9596}.Debug|Any CPU.ActiveCfg = Debug|Any CPU
		{22240D01-8F95-4C0B-BF88-974854DF9596}.Debug|Any CPU.Build.0 = Debug|Any CPU
		{22240D01-8F95-4C0B-BF88-974854DF9596}.Release|Any CPU.ActiveCfg = Release|Any CPU
		{22240D01-8F95-4C0B-BF88-974854DF9596}.Release|Any CPU.Build.0 = Release|Any CPU
	EndGlobalSection
	GlobalSection(SolutionProperties) = preSolution
		HideSolutionNode = FALSE
	EndGlobalSection
	GlobalSection(ExtensibilityGlobals) = postSolution
		SolutionGuid = {C4BA67ED-21B3-4D5C-B697-CFA38E11359F}
	EndGlobalSection
EndGlobal
